
Microsoft Visual Studio Solution File, Format Version 12.00
# Visual Studio 14
VisualStudioVersion = 14.0.25420.1
MinimumVisualStudioVersion = 10.0.40219.1
Project("{8BC9CEB8-8B4A-11D0-8D11-00A0C91BC942}") = "PowerSpace", "PowerSpace\PowerSpace.vcxproj", "{E27E8652-6C93-4BFF-8FEF-6D13C1E293D1}"
EndProject
Project("{8BC9CEB8-8B4A-11D0-8D11-00A0C91BC942}") = "ScriptEngine", "ScriptEngine\ScriptEngine.vcxproj", "{12AEFC13-BDBE-48D8-8E50-90DAA97347FA}"
EndProject
Project("{8BC9CEB8-8B4A-11D0-8D11-00A0C91BC942}") = "RenderingEngine", "RenderingEngine\RenderingEngine.vcxproj", "{5474F267-19EB-43EF-BA44-4E644DD451C9}"
EndProject
Project("{8BC9CEB8-8B4A-11D0-8D11-00A0C91BC942}") = "Editor", "Editor\Editor.vcxproj", "{22E81D89-5AD6-42A8-9F7C-7D1BE04A1626}"
EndProject
Global
	GlobalSection(SolutionConfigurationPlatforms) = preSolution
		Debug|x64 = Debug|x64
		Debug|x86 = Debug|x86
		Release|x64 = Release|x64
		Release|x86 = Release|x86
	EndGlobalSection
	GlobalSection(ProjectConfigurationPlatforms) = postSolution
		{E27E8652-6C93-4BFF-8FEF-6D13C1E293D1}.Debug|x64.ActiveCfg = Debug|x64
		{E27E8652-6C93-4BFF-8FEF-6D13C1E293D1}.Debug|x64.Build.0 = Debug|x64
		{E27E8652-6C93-4BFF-8FEF-6D13C1E293D1}.Debug|x86.ActiveCfg = Debug|Win32
		{E27E8652-6C93-4BFF-8FEF-6D13C1E293D1}.Debug|x86.Build.0 = Debug|Win32
		{E27E8652-6C93-4BFF-8FEF-6D13C1E293D1}.Release|x64.ActiveCfg = Release|x64
		{E27E8652-6C93-4BFF-8FEF-6D13C1E293D1}.Release|x64.Build.0 = Release|x64
		{E27E8652-6C93-4BFF-8FEF-6D13C1E293D1}.Release|x86.ActiveCfg = Release|Win32
		{E27E8652-6C93-4BFF-8FEF-6D13C1E293D1}.Release|x86.Build.0 = Release|Win32
		{12AEFC13-BDBE-48D8-8E50-90DAA97347FA}.Debug|x64.ActiveCfg = Debug|x64
		{12AEFC13-BDBE-48D8-8E50-90DAA97347FA}.Debug|x64.Build.0 = Debug|x64
		{12AEFC13-BDBE-48D8-8E50-90DAA97347FA}.Debug|x86.ActiveCfg = Debug|Win32
		{12AEFC13-BDBE-48D8-8E50-90DAA97347FA}.Debug|x86.Build.0 = Debug|Win32
		{12AEFC13-BDBE-48D8-8E50-90DAA97347FA}.Release|x64.ActiveCfg = Release|x64
		{12AEFC13-BDBE-48D8-8E50-90DAA97347FA}.Release|x64.Build.0 = Release|x64
		{12AEFC13-BDBE-48D8-8E50-90DAA97347FA}.Release|x86.ActiveCfg = Release|Win32
		{12AEFC13-BDBE-48D8-8E50-90DAA97347FA}.Release|x86.Build.0 = Release|Win32
		{5474F267-19EB-43EF-BA44-4E644DD451C9}.Debug|x64.ActiveCfg = Debug|x64
		{5474F267-19EB-43EF-BA44-4E644DD451C9}.Debug|x64.Build.0 = Debug|x64
		{5474F267-19EB-43EF-BA44-4E644DD451C9}.Debug|x86.ActiveCfg = Debug|Win32
		{5474F267-19EB-43EF-BA44-4E644DD451C9}.Debug|x86.Build.0 = Debug|Win32
		{5474F267-19EB-43EF-BA44-4E644DD451C9}.Release|x64.ActiveCfg = Release|x64
		{5474F267-19EB-43EF-BA44-4E644DD451C9}.Release|x64.Build.0 = Release|x64
		{5474F267-19EB-43EF-BA44-4E644DD451C9}.Release|x86.ActiveCfg = Release|Win32
		{5474F267-19EB-43EF-BA44-4E644DD451C9}.Release|x86.Build.0 = Release|Win32
		{22E81D89-5AD6-42A8-9F7C-7D1BE04A1626}.Debug|x64.ActiveCfg = Debug|x64
		{22E81D89-5AD6-42A8-9F7C-7D1BE04A1626}.Debug|x64.Build.0 = Debug|x64
		{22E81D89-5AD6-42A8-9F7C-7D1BE04A1626}.Debug|x86.ActiveCfg = Debug|Win32
		{22E81D89-5AD6-42A8-9F7C-7D1BE04A1626}.Debug|x86.Build.0 = Debug|Win32
		{22E81D89-5AD6-42A8-9F7C-7D1BE04A1626}.Release|x64.ActiveCfg = Release|x64
		{22E81D89-5AD6-42A8-9F7C-7D1BE04A1626}.Release|x64.Build.0 = Release|x64
		{22E81D89-5AD6-42A8-9F7C-7D1BE04A1626}.Release|x86.ActiveCfg = Release|Win32
		{22E81D89-5AD6-42A8-9F7C-7D1BE04A1626}.Release|x86.Build.0 = Release|Win32
	EndGlobalSection
	GlobalSection(SolutionProperties) = preSolution
		HideSolutionNode = FALSE
	EndGlobalSection
EndGlobal
